
Microsoft Visual Studio Solution File, Format Version 12.00
# Visual Studio 15
VisualStudioVersion = 15.0.28010.2036
MinimumVisualStudioVersion = 10.0.40219.1
Project("{FAE04EC0-301F-11D3-BF4B-00C04F79EFBC}") = "chasse_serv", "chasse_serv\chasse_serv.csproj", "{88EBEC94-7F9F-48F5-9C32-F0F33D61AA70}"
EndProject
Global
	GlobalSection(SolutionConfigurationPlatforms) = preSolution
		Debug|Any CPU = Debug|Any CPU
		Release|Any CPU = Release|Any CPU
	EndGlobalSection
	GlobalSection(ProjectConfigurationPlatforms) = postSolution
		{88EBEC94-7F9F-48F5-9C32-F0F33D61AA70}.Debug|Any CPU.ActiveCfg = Debug|Any CPU
		{88EBEC94-7F9F-48F5-9C32-F0F33D61AA70}.Debug|Any CPU.Build.0 = Debug|Any CPU
		{88EBEC94-7F9F-48F5-9C32-F0F33D61AA70}.Release|Any CPU.ActiveCfg = Release|Any CPU
		{88EBEC94-7F9F-48F5-9C32-F0F33D61AA70}.Release|Any CPU.Build.0 = Release|Any CPU
	EndGlobalSection
	GlobalSection(SolutionProperties) = preSolution
		HideSolutionNode = FALSE
	EndGlobalSection
	GlobalSection(ExtensibilityGlobals) = postSolution
		SolutionGuid = {E9D46C8C-D791-46CF-9370-BEC06DB109A8}
	EndGlobalSection
EndGlobal
